
Microsoft Visual Studio Solution File, Format Version 12.00
# Visual Studio 15
VisualStudioVersion = 15.0.28307.421
MinimumVisualStudioVersion = 10.0.40219.1
Project("{FAE04EC0-301F-11D3-BF4B-00C04F79EFBC}") = "GitQ3", "GitQ3\GitQ3.csproj", "{D5061193-7E2D-4339-8147-541F4D8AB89A}"
EndProject
Global
	GlobalSection(SolutionConfigurationPlatforms) = preSolution
		Debug|Any CPU = Debug|Any CPU
		Release|Any CPU = Release|Any CPU
	EndGlobalSection
	GlobalSection(ProjectConfigurationPlatforms) = postSolution
		{D5061193-7E2D-4339-8147-541F4D8AB89A}.Debug|Any CPU.ActiveCfg = Debug|Any CPU
		{D5061193-7E2D-4339-8147-541F4D8AB89A}.Debug|Any CPU.Build.0 = Debug|Any CPU
		{D5061193-7E2D-4339-8147-541F4D8AB89A}.Release|Any CPU.ActiveCfg = Release|Any CPU
		{D5061193-7E2D-4339-8147-541F4D8AB89A}.Release|Any CPU.Build.0 = Release|Any CPU
	EndGlobalSection
	GlobalSection(SolutionProperties) = preSolution
		HideSolutionNode = FALSE
	EndGlobalSection
	GlobalSection(ExtensibilityGlobals) = postSolution
		SolutionGuid = {0FA7C1C3-C6A0-4347-BF4B-3143A23C1EDE}
	EndGlobalSection
EndGlobal
